
Microsoft Visual Studio Solution File, Format Version 12.00
# Visual Studio Version 17
VisualStudioVersion = 17.14.36414.22
MinimumVisualStudioVersion = 10.0.40219.1
Project("{FAE04EC0-301F-11D3-BF4B-00C04F79EFBC}") = "CW2", "CW2\CW2.csproj", "{6540C91B-F055-49BE-8191-FB29B5FCDE98}"
EndProject
Project("{FAE04EC0-301F-11D3-BF4B-00C04F79EFBC}") = "CW2_MVC", "CW2_MVC\CW2_MVC.csproj", "{2AC26CE3-251E-4B95-95FE-61271762453A}"
EndProject
Project("{FAE04EC0-301F-11D3-BF4B-00C04F79EFBC}") = "CW2_API", "CW2_API\CW2_API.csproj", "{046B0F98-62B1-4623-BAC9-DD51AAE43996}"
EndProject
Global
	GlobalSection(SolutionConfigurationPlatforms) = preSolution
		Debug|Any CPU = Debug|Any CPU
		Release|Any CPU = Release|Any CPU
	EndGlobalSection
	GlobalSection(ProjectConfigurationPlatforms) = postSolution
		{6540C91B-F055-49BE-8191-FB29B5FCDE98}.Debug|Any CPU.ActiveCfg = Debug|Any CPU
		{6540C91B-F055-49BE-8191-FB29B5FCDE98}.Debug|Any CPU.Build.0 = Debug|Any CPU
		{6540C91B-F055-49BE-8191-FB29B5FCDE98}.Release|Any CPU.ActiveCfg = Release|Any CPU
		{6540C91B-F055-49BE-8191-FB29B5FCDE98}.Release|Any CPU.Build.0 = Release|Any CPU
		{2AC26CE3-251E-4B95-95FE-61271762453A}.Debug|Any CPU.ActiveCfg = Debug|Any CPU
		{2AC26CE3-251E-4B95-95FE-61271762453A}.Debug|Any CPU.Build.0 = Debug|Any CPU
		{2AC26CE3-251E-4B95-95FE-61271762453A}.Release|Any CPU.ActiveCfg = Release|Any CPU
		{2AC26CE3-251E-4B95-95FE-61271762453A}.Release|Any CPU.Build.0 = Release|Any CPU
		{046B0F98-62B1-4623-BAC9-DD51AAE43996}.Debug|Any CPU.ActiveCfg = Debug|Any CPU
		{046B0F98-62B1-4623-BAC9-DD51AAE43996}.Debug|Any CPU.Build.0 = Debug|Any CPU
		{046B0F98-62B1-4623-BAC9-DD51AAE43996}.Release|Any CPU.ActiveCfg = Release|Any CPU
		{046B0F98-62B1-4623-BAC9-DD51AAE43996}.Release|Any CPU.Build.0 = Release|Any CPU
	EndGlobalSection
	GlobalSection(SolutionProperties) = preSolution
		HideSolutionNode = FALSE
	EndGlobalSection
	GlobalSection(ExtensibilityGlobals) = postSolution
		SolutionGuid = {B8924C21-1DC3-47A6-A30F-9079A140216E}
	EndGlobalSection
EndGlobal
